[[package]]
name = "gaphas"
version = "3.1.1"
description = "Gaphas is a GTK+ based diagramming widget"
category = "main"
optional = false
python-versions = ">=3.7,<4.0"

[package.dependencies]
pycairo = ">=1.20.0,<2.0.0"
PyGObject = ">=3.38.0,<4.0.0"
typing-extensions = ">=3.7.4,<4.0.0"

[[package]]
name = "gaphor"
version = "2.5.1"
description = "Gaphor is the simple modeling tool written in Python."
category = "main"
optional = false
python-versions = ">=3.7,<4.0"

[package.dependencies]
gaphas = ">=3.1.0,<4.0.0"
generic = ">=1.0.0,<2.0.0"
importlib_metadata = ">=1.4,<5.0"
pycairo = ">=1.18,<2.0"
PyGObject = ">=3.30,<4.0"
tinycss2 = ">=1.0.2,<2.0.0"
typing_extensions = ">=3.7.4,<4.0.0"

[[package]]
name = "generic"
version = "1.0.0"
description = "Generic programming library for Python"
category = "main"
optional = false
python-versions = ">=3.7,<4.0"

[[package]]
name = "importlib-metadata"
version = "1.7.0"
description = "Read metadata from Python packages"
category = "main"
optional = false
python-versions = "!=3.0.*,!=3.1.*,!=3.2.*,!=3.3.*,!=3.4.*,>=2.7"

[package.dependencies]
zipp = ">=0.5"

[package.extras]
docs = ["sphinx", "rst.linker"]
testing = ["packaging", "pep517", "importlib-resources (>=1.3)"]

[[package]]
name = "pycairo"
version = "1.20.0"
description = "Python interface for cairo"
category = "main"
optional = false
python-versions = ">=3.6, <4"

[[package]]
name = "pygobject"
version = "3.40.0"
description = "Python bindings for GObject Introspection"
category = "main"
optional = false
python-versions = ">=3.6, <4"

[package.dependencies]
pycairo = ">=1.16.0"

[[package]]
name = "tinycss2"
version = "1.0.2"
description = "Low-level CSS parser for Python"
category = "main"
optional = false
python-versions = ">= 3.5"

[package.dependencies]
webencodings = ">=0.4"

[package.extras]
doc = ["sphinx", "sphinx-rtd-theme"]
test = ["pytest-runner", "pytest-cov", "pytest-flake8", "pytest-isort"]

[[package]]
name = "typing-extensions"
version = "3.7.4.3"
description = "Backported and Experimental Type Hints for Python 3.5+"
category = "main"
optional = false
python-versions = "*"

[[package]]
name = "webencodings"
version = "0.5.1"
description = "Character encoding aliases for legacy web content"
category = "main"
optional = false
python-versions = "*"

[[package]]
name = "zipp"
version = "3.1.0"
description = "Backport of pathlib-compatible object wrapper for zip files"
category = "main"
optional = false
python-versions = ">=3.6"

[package.extras]
docs = ["sphinx", "jaraco.packaging (>=3.2)", "rst.linker (>=1.9)"]
testing = ["jaraco.itertools", "func-timeout"]

[metadata]
lock-version = "1.1"
python-versions = "^3.8"
content-hash = "9f1c2d3560cf372a20647fb629816857c0434b118e660a4e3d3a0ad430a5a0a1"

[metadata.files]
gaphas = [
    {file = "gaphas-3.1.1-py3-none-any.whl", hash = "sha256:5dbc5c1175d33fa031aeba7fc5f4b432c47216a4a6579e38c5a1e83545da7ac0"},
    {file = "gaphas-3.1.1.tar.gz", hash = "sha256:2fa90214de8873d3336053a37bc9e2f2848d2e81cf72ccdc0a9245f5f819f29f"},
]
gaphor = [
    {file = "gaphor-2.5.1-py3-none-any.whl", hash = "sha256:b03da4adedb111e80950aecc76c6a75c16ce1295e4518e46340403d70d00a3c1"},
    {file = "gaphor-2.5.1.tar.gz", hash = "sha256:d5b3582ed544dd1bf55aa8f8751d343354d7dc86e3ff896b2e3daee5c28865b1"},
]
generic = [
    {file = "generic-1.0.0-py3-none-any.whl", hash = "sha256:a8dbb3133929223149272fcc70a95967cf3b24e3fa12601f91c67fb61efe29d4"},
    {file = "generic-1.0.0.tar.gz", hash = "sha256:c7651fb460feae762065b4a29afbfe2a346b2b18dccd4a8495a7e978498f66bc"},
]
importlib-metadata = [
    {file = "importlib_metadata-1.7.0-py2.py3-none-any.whl", hash = "sha256:dc15b2969b4ce36305c51eebe62d418ac7791e9a157911d58bfb1f9ccd8e2070"},
    {file = "importlib_metadata-1.7.0.tar.gz", hash = "sha256:90bb658cdbbf6d1735b6341ce708fc7024a3e14e99ffdc5783edea9f9b077f83"},
]
pycairo = [
    {file = "pycairo-1.20.0-cp36-cp36m-win32.whl", hash = "sha256:e5a3433690c473e073a9917dc8f1fc7dc8b9af7b201bf372894b8ad70d960c6d"},
    {file = "pycairo-1.20.0-cp36-cp36m-win_amd64.whl", hash = "sha256:a942614923b88ae75c794506d5c426fba9c46a055d3fdd3b8db7046b75c079cc"},
    {file = "pycairo-1.20.0-cp37-cp37m-win32.whl", hash = "sha256:8cfa9578b745fb9cf2915ec580c2c50ebc2da00eac2cf4c4b54b63aa19da4b77"},
    {file = "pycairo-1.20.0-cp37-cp37m-win_amd64.whl", hash = "sha256:273a33c56aba724ec42fe1d8f94c86c2e2660c1277470be9b04e5113d7c5b72d"},
    {file = "pycairo-1.20.0-cp38-cp38-win32.whl", hash = "sha256:2088100a099c09c5e90bf247409ce6c98f51766b53bd13f96d6aac7addaa3e66"},
    {file = "pycairo-1.20.0-cp38-cp38-win_amd64.whl", hash = "sha256:ceb1edcbeb48dabd5fbbdff2e4b429aa88ddc493d6ebafe78d94b050ac0749e2"},
    {file = "pycairo-1.20.0-cp39-cp39-win32.whl", hash = "sha256:57a768f4edc8a9890d98070dd473a812ac3d046cef4bc1c817d68024dab9a9b4"},
    {file = "pycairo-1.20.0-cp39-cp39-win_amd64.whl", hash = "sha256:57166119e424d71eccdba6b318bd731bdabd17188e2ba10d4f315f7bf16ace3f"},
    {file = "pycairo-1.20.0.tar.gz", hash = "sha256:5695a10cb7f9ae0d01f665b56602a845b0a8cb17e2123bfece10c2e58552468c"},
]
pygobject = [
    {file = "PyGObject-3.40.0.tar.gz", hash = "sha256:98d83f71e6313dadc29793450fec23b2eaa5c3f1c4b073d0a4f9c31b5cdb5fca"},
]
tinycss2 = [
    {file = "tinycss2-1.0.2-py3-none-any.whl", hash = "sha256:9fdacc0e22d344ddd2ca053837c133900fe820ae1222f63b79617490a498507a"},
    {file = "tinycss2-1.0.2.tar.gz", hash = "sha256:6427d0e3faa0a5e0e8c9f6437e2de26148a7a197a8b0992789f23d9a802788cf"},
]
typing-extensions = [
    {file = "typing_extensions-3.7.4.3-py2-none-any.whl", hash = "sha256:dafc7639cde7f1b6e1acc0f457842a83e722ccca8eef5270af2d74792619a89f"},
    {file = "typing_extensions-3.7.4.3-py3-none-any.whl", hash = "sha256:7cb407020f00f7bfc3cb3e7881628838e69d8f3fcab2f64742a5e76b2f841918"},
    {file = "typing_extensions-3.7.4.3.tar.gz", hash = "sha256:99d4073b617d30288f569d3f13d2bd7548c3a7e4c8de87db09a9d29bb3a4a60c"},
]
webencodings = [
    {file = "webencodings-0.5.1-py2.py3-none-any.whl", hash = "sha256:a0af1213f3c2226497a97e2b3aa01a7e4bee4f403f95be16fc9acd2947514a78"},
    {file = "webencodings-0.5.1.tar.gz", hash = "sha256:b36a1c245f2d304965eb4e0a82848379241dc04b865afcc4aab16748587e1923"},
]
zipp = [
    {file = "zipp-3.1.0-py3-none-any.whl", hash = "sha256:aa36550ff0c0b7ef7fa639055d797116ee891440eac1a56f378e2d3179e0320b"},
    {file = "zipp-3.1.0.tar.gz", hash = "sha256:c599e4d75c98f6798c509911d08a22e6c021d074469042177c8c86fb92eefd96"},
]
