[[package]]
name = "better-exceptions"
version = "0.3.3"
description = "Pretty and helpful exceptions, automatically"
category = "main"
optional = false
python-versions = "*"

[package.dependencies]
colorama = {version = "*", markers = "sys_platform == \"win32\""}

[[package]]
name = "colorama"
version = "0.4.5"
description = "Cross-platform colored terminal text."
category = "main"
optional = false
python-versions = ">=2.7, !=3.0.*, !=3.1.*, !=3.2.*, !=3.3.*, !=3.4.*"

[[package]]
name = "darkdetect"
version = "0.5.1"
description = "Detect OS Dark Mode from Python"
category = "main"
optional = false
python-versions = "*"

[[package]]
name = "gaphas"
version = "3.6.0"
description = "Gaphas is a GTK+ based diagramming widget"
category = "main"
optional = false
python-versions = ">=3.8,<4.0"

[package.dependencies]
pycairo = ">=1.20.0,<2.0.0"
PyGObject = ">=3.38.0,<4.0.0"

[package.extras]
docs = ["sphinx (>=4.3,<5.0)", "sphinx-rtd-theme (>=1.0,<2.0)", "gaphor (>=2.7,<3.0)"]

[[package]]
name = "gaphor"
version = "2.11.0"
description = "Gaphor is the simple modeling tool written in Python."
category = "main"
optional = false
python-versions = ">=3.9,<4.0"

[package.dependencies]
better-exceptions = ">=0.3.3,<0.4.0"
darkdetect = ">=0.5.1,<0.7.0"
gaphas = ">=3.1.0,<4.0.0"
generic = ">=1.0.0,<2.0.0"
jedi = ">=0.18.1,<0.19.0"
pycairo = ">=1.18,<2.0"
PyGObject = ">=3.30,<4.0"
tinycss2 = ">=1.0.2,<2.0.0"

[package.extras]
pyinstall = ["pyinstaller (>=4.6,<6.0)", "pyinstaller-versionfile (>=2.0.0,<3.0.0)", "poethepoet (>=0.10,<0.16)", "tomli (>=1.2,<3.0)"]
poethepoet = ["poethepoet (>=0.10,<0.16)"]
docs = ["sphinx (>=4.3,<6.0)", "sphinx-rtd-theme (>=1.0,<2.0)", "myst-parser (>=0.15,<0.19)"]

[[package]]
name = "generic"
version = "1.0.1"
description = "Generic programming library for Python"
category = "main"
optional = false
python-versions = ">=3.8,<4.0"

[[package]]
name = "jedi"
version = "0.18.1"
description = "An autocompletion tool for Python that can be used for text editors."
category = "main"
optional = false
python-versions = ">=3.6"

[package.dependencies]
parso = ">=0.8.0,<0.9.0"

[package.extras]
qa = ["flake8 (==3.8.3)", "mypy (==0.782)"]
testing = ["Django (<3.1)", "colorama", "docopt", "pytest (<7.0.0)"]

[[package]]
name = "parso"
version = "0.8.3"
description = "A Python Parser"
category = "main"
optional = false
python-versions = ">=3.6"

[package.extras]
qa = ["flake8 (==3.8.3)", "mypy (==0.782)"]
testing = ["docopt", "pytest (<6.0.0)"]

[[package]]
name = "pycairo"
version = "1.21.0"
description = "Python interface for cairo"
category = "main"
optional = false
python-versions = ">=3.7"

[[package]]
name = "pygobject"
version = "3.42.0"
description = "Python bindings for GObject Introspection"
category = "main"
optional = false
python-versions = ">=3.6, <4"

[package.dependencies]
pycairo = ">=1.16,<2.0"

[[package]]
name = "tinycss2"
version = "1.1.1"
description = "A tiny CSS parser"
category = "main"
optional = false
python-versions = ">=3.6"

[package.dependencies]
webencodings = ">=0.4"

[package.extras]
doc = ["sphinx", "sphinx-rtd-theme"]
test = ["pytest", "pytest-cov", "pytest-flake8", "pytest-isort", "coverage"]

[[package]]
name = "webencodings"
version = "0.5.1"
description = "Character encoding aliases for legacy web content"
category = "main"
optional = false
python-versions = "*"

[metadata]
lock-version = "1.1"
python-versions = "^3.9"
content-hash = "f8fe970134d7cfcd95acfb25ce315e81be509a7059c75cd79d53711376aac8a6"

[metadata.files]
better-exceptions = []
colorama = []
darkdetect = []
gaphas = []
gaphor = []
generic = []
jedi = []
parso = []
pycairo = []
pygobject = []
tinycss2 = []
webencodings = []
