# This file is automatically @generated by Poetry 1.4.2 and should not be changed by hand.

[[package]]
name = "better-exceptions"
version = "0.3.3"
description = "Pretty and helpful exceptions, automatically"
category = "dev"
optional = false
python-versions = "*"
files = [
    {file = "better_exceptions-0.3.3-py3-none-any.whl", hash = "sha256:9c70b1c61d5a179b84cd2c9d62c3324b667d74286207343645ed4306fdaad976"},
    {file = "better_exceptions-0.3.3.tar.gz", hash = "sha256:e4e6bc18444d5f04e6e894b10381e5e921d3d544240418162c7db57e9eb3453b"},
]

[package.dependencies]
colorama = {version = "*", markers = "sys_platform == \"win32\""}

[[package]]
name = "colorama"
version = "0.4.6"
description = "Cross-platform colored terminal text."
category = "dev"
optional = false
python-versions = "!=3.0.*,!=3.1.*,!=3.2.*,!=3.3.*,!=3.4.*,!=3.5.*,!=3.6.*,>=2.7"
files = [
    {file = "colorama-0.4.6-py2.py3-none-any.whl", hash = "sha256:4f1d9991f5acc0ca119f9d443620b77f9d6b33703e51011c16baf57afb285fc6"},
    {file = "colorama-0.4.6.tar.gz", hash = "sha256:08695f5cb7ed6e0531a20572697297273c47b8cae5a63ffc6d6ed5c201be6e44"},
]

[[package]]
name = "darkdetect"
version = "0.6.0"
description = "Detect OS Dark Mode from Python"
category = "dev"
optional = false
python-versions = "*"
files = [
    {file = "darkdetect-0.6.0-py3-none-any.whl", hash = "sha256:9984327f5f0deeb4f02de01a18976825bc079befe7496b60c8d1fb0a06904d8e"},
    {file = "darkdetect-0.6.0.tar.gz", hash = "sha256:7993275b537b4579ba2eee7673b0b95783f99c7ddb82a9f90dc077a379b427f1"},
]

[[package]]
name = "exceptiongroup"
version = "1.1.1"
description = "Backport of PEP 654 (exception groups)"
category = "dev"
optional = false
python-versions = ">=3.7"
files = [
    {file = "exceptiongroup-1.1.1-py3-none-any.whl", hash = "sha256:232c37c63e4f682982c8b6459f33a8981039e5fb8756b2074364e5055c498c9e"},
    {file = "exceptiongroup-1.1.1.tar.gz", hash = "sha256:d484c3090ba2889ae2928419117447a14daf3c1231d5e30d0aae34f354f01785"},
]

[package.extras]
test = ["pytest (>=6)"]

[[package]]
name = "gaphas"
version = "3.9.2"
description = "Gaphas is a GTK+ based diagramming widget"
category = "dev"
optional = false
python-versions = ">=3.9,<4.0"
files = [
    {file = "gaphas-3.9.2-py3-none-any.whl", hash = "sha256:e8daec1faeafe963a5743845148ff4bc98e0fff5b04a8df6c231b911a3fa59f2"},
    {file = "gaphas-3.9.2.tar.gz", hash = "sha256:870f1a1a3b2bc7ac563db1726e9b2ce440777a0ead9b18245e91a25a0b8b28fe"},
]

[package.dependencies]
pycairo = ">=1.20.0,<2.0.0"
PyGObject = ">=3.38.0,<4.0.0"

[package.extras]
docs = ["gaphor (>=2.7,<3.0)", "sphinx (>=4.3,<6.0)", "sphinx-rtd-theme (>=1.0,<2.0)"]

[[package]]
name = "gaphor"
version = "2.11.0"
description = "Gaphor is the simple modeling tool written in Python."
category = "dev"
optional = false
python-versions = ">=3.9,<4.0"
files = [
    {file = "gaphor-2.11.0-py3-none-any.whl", hash = "sha256:c961d51f21fc6ea395538404b3f84caff7b542b3c65efd145d472226b1de48ef"},
    {file = "gaphor-2.11.0.tar.gz", hash = "sha256:4bf362d15cf177653647dc329ff84fb16e9f511d8540e502e856417dad73aea0"},
]

[package.dependencies]
better-exceptions = ">=0.3.3,<0.4.0"
darkdetect = ">=0.5.1,<0.7.0"
gaphas = ">=3.1.0,<4.0.0"
generic = ">=1.0.0,<2.0.0"
jedi = ">=0.18.1,<0.19.0"
pycairo = ">=1.18,<2.0"
PyGObject = ">=3.30,<4.0"
tinycss2 = ">=1.0.2,<2.0.0"

[package.extras]
docs = ["myst-parser (>=0.15,<0.19)", "sphinx (>=4.3,<6.0)", "sphinx-rtd-theme (>=1.0,<2.0)"]
poethepoet = ["poethepoet (>=0.10,<0.16)"]
pyinstall = ["poethepoet (>=0.10,<0.16)", "pyinstaller (>=4.6,<6.0)", "pyinstaller-versionfile (>=2.0.0,<3.0.0)", "tomli (>=1.2,<3.0)"]

[[package]]
name = "generic"
version = "1.1.1"
description = "Generic programming library for Python"
category = "dev"
optional = false
python-versions = ">=3.8,<4.0"
files = [
    {file = "generic-1.1.1-py3-none-any.whl", hash = "sha256:be881c40192f97bf567c4ffe0f1d3613db0206ee10ee3352b6226328900c7691"},
    {file = "generic-1.1.1.tar.gz", hash = "sha256:507cf6bfa2b994d61bedcc415624df3e4a6ed8cf0b22d0291a84a0dc16f66ea2"},
]

[package.dependencies]
exceptiongroup = ">=1.0.0-rc.5,<2.0.0"

[[package]]
name = "jedi"
version = "0.18.2"
description = "An autocompletion tool for Python that can be used for text editors."
category = "dev"
optional = false
python-versions = ">=3.6"
files = [
    {file = "jedi-0.18.2-py2.py3-none-any.whl", hash = "sha256:203c1fd9d969ab8f2119ec0a3342e0b49910045abe6af0a3ae83a5764d54639e"},
    {file = "jedi-0.18.2.tar.gz", hash = "sha256:bae794c30d07f6d910d32a7048af09b5a39ed740918da923c6b780790ebac612"},
]

[package.dependencies]
parso = ">=0.8.0,<0.9.0"

[package.extras]
docs = ["Jinja2 (==2.11.3)", "MarkupSafe (==1.1.1)", "Pygments (==2.8.1)", "alabaster (==0.7.12)", "babel (==2.9.1)", "chardet (==4.0.0)", "commonmark (==0.8.1)", "docutils (==0.17.1)", "future (==0.18.2)", "idna (==2.10)", "imagesize (==1.2.0)", "mock (==1.0.1)", "packaging (==20.9)", "pyparsing (==2.4.7)", "pytz (==2021.1)", "readthedocs-sphinx-ext (==2.1.4)", "recommonmark (==0.5.0)", "requests (==2.25.1)", "six (==1.15.0)", "snowballstemmer (==2.1.0)", "sphinx (==1.8.5)", "sphinx-rtd-theme (==0.4.3)", "sphinxcontrib-serializinghtml (==1.1.4)", "sphinxcontrib-websupport (==1.2.4)", "urllib3 (==1.26.4)"]
qa = ["flake8 (==3.8.3)", "mypy (==0.782)"]
testing = ["Django (<3.1)", "attrs", "colorama", "docopt", "pytest (<7.0.0)"]

[[package]]
name = "parso"
version = "0.8.3"
description = "A Python Parser"
category = "dev"
optional = false
python-versions = ">=3.6"
files = [
    {file = "parso-0.8.3-py2.py3-none-any.whl", hash = "sha256:c001d4636cd3aecdaf33cbb40aebb59b094be2a74c556778ef5576c175e19e75"},
    {file = "parso-0.8.3.tar.gz", hash = "sha256:8c07be290bb59f03588915921e29e8a50002acaf2cdc5fa0e0114f91709fafa0"},
]

[package.extras]
qa = ["flake8 (==3.8.3)", "mypy (==0.782)"]
testing = ["docopt", "pytest (<6.0.0)"]

[[package]]
name = "pycairo"
version = "1.23.0"
description = "Python interface for cairo"
category = "dev"
optional = false
python-versions = ">=3.7"
files = [
    {file = "pycairo-1.23.0-cp310-cp310-win32.whl", hash = "sha256:564601e5f528531c6caec1c0177c3d0709081e1a2a5cccc13561f715080ae535"},
    {file = "pycairo-1.23.0-cp310-cp310-win_amd64.whl", hash = "sha256:e7cde633986435d87a86b6118b7b6109c384266fd719ef959883e2729f6eafae"},
    {file = "pycairo-1.23.0-cp311-cp311-win32.whl", hash = "sha256:3a71f758e461180d241e62ef52e85499c843bd2660fd6d87cec99c9833792bfa"},
    {file = "pycairo-1.23.0-cp311-cp311-win_amd64.whl", hash = "sha256:2dec5378133778961993fb59d66df16070e03f4d491b67eb695ca9ad7a696008"},
    {file = "pycairo-1.23.0-cp37-cp37m-win32.whl", hash = "sha256:d6bacff15d688ed135b4567965a4b664d9fb8de7417a7865bb138ad612043c9f"},
    {file = "pycairo-1.23.0-cp37-cp37m-win_amd64.whl", hash = "sha256:ec305fc7f2f0299df78aadec0eaf6eb9accb90eda242b5d3492544d3f2b28027"},
    {file = "pycairo-1.23.0-cp38-cp38-win32.whl", hash = "sha256:1a6d8e0f353062ad92954784e33dbbaf66c880c9c30e947996c542ed9748aaaf"},
    {file = "pycairo-1.23.0-cp38-cp38-win_amd64.whl", hash = "sha256:82e335774a17870bc038e0c2fb106c1e5e7ad0c764662023886dfcfce5bb5a52"},
    {file = "pycairo-1.23.0-cp39-cp39-win32.whl", hash = "sha256:a4b1f525bbdf637c40f4d91378de36c01ec2b7f8ecc585b700a079b9ff83298e"},
    {file = "pycairo-1.23.0-cp39-cp39-win_amd64.whl", hash = "sha256:87efd62a7b7afad9a0a420f05b6008742a6cfc59077697be65afe8dc73ae15ad"},
    {file = "pycairo-1.23.0.tar.gz", hash = "sha256:9b61ac818723adc04367301317eb2e814a83522f07bbd1f409af0dada463c44c"},
]

[[package]]
name = "pygobject"
version = "3.44.1"
description = "Python bindings for GObject Introspection"
category = "dev"
optional = false
python-versions = ">=3.7, <4"
files = [
    {file = "PyGObject-3.44.1.tar.gz", hash = "sha256:665fbe980c91e8b31ad78ed3f66879946948200864002d193f67eccc1d7d5d83"},
]

[package.dependencies]
pycairo = ">=1.16,<2.0"

[[package]]
name = "tinycss2"
version = "1.2.1"
description = "A tiny CSS parser"
category = "dev"
optional = false
python-versions = ">=3.7"
files = [
    {file = "tinycss2-1.2.1-py3-none-any.whl", hash = "sha256:2b80a96d41e7c3914b8cda8bc7f705a4d9c49275616e886103dd839dfc847847"},
    {file = "tinycss2-1.2.1.tar.gz", hash = "sha256:8cff3a8f066c2ec677c06dbc7b45619804a6938478d9d73c284b29d14ecb0627"},
]

[package.dependencies]
webencodings = ">=0.4"

[package.extras]
doc = ["sphinx", "sphinx_rtd_theme"]
test = ["flake8", "isort", "pytest"]

[[package]]
name = "webencodings"
version = "0.5.1"
description = "Character encoding aliases for legacy web content"
category = "dev"
optional = false
python-versions = "*"
files = [
    {file = "webencodings-0.5.1-py2.py3-none-any.whl", hash = "sha256:a0af1213f3c2226497a97e2b3aa01a7e4bee4f403f95be16fc9acd2947514a78"},
    {file = "webencodings-0.5.1.tar.gz", hash = "sha256:b36a1c245f2d304965eb4e0a82848379241dc04b865afcc4aab16748587e1923"},
]

[metadata]
lock-version = "2.0"
python-versions = "^3.9"
content-hash = "4f1fa4422e8dc38c9a7dd31049dc20e62e51cb7de99051f070c11965ea96637e"
